github.com/MinhWalker/store_oauth-api v0.0.0-20210331084608-927a223d3c17 h1:fslqJk5vLf4FuYNjvJj1B15JIuajK0Y0JxvI0K5MCyw=
github.com/MinhWalker/store_oauth-api v0.0.0-20210331084608-927a223d3c17/go.mod h1:5u3ocs3Iu9QCfrdl+ImSTxPsmNNCCcwYnTKtStFHREo=
github.com/MinhWalker/store_oauth-go v0.0.0-20210331083919-682622519f03 h1:wYZw9o8KZCd4HDeiFIZvUBqvOXE+h7jWSXVySBbfrh8=
github.com/MinhWalker/store_oauth-go v0.0.0-20210331083919-682622519f03/go.mod h1:/w0Ryit7yFvoxkOL7ykDjbKlHFKN6yra2/loSBpaJD0=
github.com/MinhWalker/store_oauth-go v0.0.0-20210411100003-dc03987ed9a2 h1:tPOWtGZEidq5gy5LELoOwEPyiRCr1E4f9Sv7B+hacw4=
github.com/MinhWalker/store_oauth-go v0.0.0-20210411100003-dc03987ed9a2/go.mod h1:TecZSrZbjjFHsK+dGHAPUzkjfTQ8ASaDtaI/OeVbUIE=
github.com/MinhWalker/store_utils-go v0.0.0-20210328103242-a07ec4274242 h1:tAZr7iOOlhGg28W93m6b9mdjptaA8eNRIMiovlb1Uc8=
github.com/MinhWalker/store_utils-go v0.0.0-20210328103242-a07ec4274242/go.mod h1:fHBrEE7EKEunzJH1ulBdLYR+TfZVYGYR4vind7wZJKE=
github.com/MinhWalker/store_utils-go v0.0.0-20210331095552-483326209b8d h1:KG/u2hvf/pNG5koWZd1KSKqE4i16/AAaXsE2tTe69MQ=
github.com/MinhWalker/store_utils-go v0.0.0-20210331095552-483326209b8d/go.mod h1:fHBrEE7EKEunzJH1ulBdLYR+TfZVYGYR4vind7wZJKE=
github.com/MinhWalker/store_utils-go v0.0.0-20210331101409-d39dffa13065 h1:ih9UWAnao2Lt0xeIMV+ANMs/jwrz4+XwJ96UjuMN5MQ=
github.com/MinhWalker/store_utils-go v0.0.0-20210331101409-d39dffa13065/go.mod h1:o/uerB81GYy0DKjkCyGaYPdCmQguIXaT+zn3uS75YDI=
github.com/go-resty/resty/v2 v2.5.0 h1:WFb5bD49/85PO7WgAjZ+/TJQ+Ty1XOcWEfD1zIFCM1c=
github.com/go-resty/resty/v2 v2.5.0/go.mod h1:B88+xCTEwvfD94NOuE6GS1wMlnoKNY8eEiNizfNwOwA=
github.com/gorilla/mux v1.8.0 h1:i40aqfkR1h2SlN9hojwV5ZA91wcXFOvkdNIeFDP5koI=
github.com/gorilla/mux v1.8.0/go.mod h1:DVbg23sWSpFRCP0SfiEN6jmj59UnW/n46BH5rLB71So=
golang.org/x/net v0.0.0-20201224014010-6772e930b67b/go.mod h1:m0MpNAwzfU5UDzcl9v0D8zg8gWTRqZa9RBIspLL5mdg=
golang.org/x/net v0.0.0-20210331060903-cb1fcc7394e5 h1:zuP3axpB9rV3xH0EA7n3/gCrNPZm2SRl0l4mVH2BRj4=
golang.org/x/net v0.0.0-20210331060903-cb1fcc7394e5/go.mod h1:p54w0d4576C0XHj96bSt6lcn1PtDYWL6XObtHCRCNQM=
golang.org/x/sys v0.0.0-20201119102817-f84b799fce68/go.mod h1:h1NjWce9XRLGQEsW7wpKNCjG9DtNlClVuFLEZdDNbEs=
golang.org/x/sys v0.0.0-20210330210617-4fbd30eecc44/go.mod h1:h1NjWce9XRLGQEsW7wpKNCjG9DtNlClVuFLEZdDNbEs=
golang.org/x/term v0.0.0-20201126162022-7de9c90e9dd1/go.mod h1:bj7SfCRtBDWHUb9snDiAeCFNEtKQo2Wmx5Cou7ajbmo=
golang.org/x/text v0.3.3/go.mod h1:5Zoc/QRtKVWzQhOtBMvqHzDpF6irO9z98xDceosuGiQ=
golang.org/x/tools v0.0.0-20180917221912-90fa682c2a6e/go.mod h1:n7NCudcB/nEzxVGmLbDWY5pfWTLqBcC2KZ6jyYvM4mQ=
